{
  "name": "epit-as",
  "version": "1.0.0",
  "lockfileVersion": 2,
  "requires": true,
  "packages": {
    "": {
      "name": "epit-as",
      "version": "1.0.0",
      "license": "ISC",
      "dependencies": {
        "pokersolver": "^2.1.4"
      }
    },
    "node_modules/pokersolver": {
      "version": "2.1.4",
      "resolved": "https://registry.npmjs.org/pokersolver/-/pokersolver-2.1.4.tgz",
      "integrity": "sha512-vmgZS+K8H8r1RePQykFM5YyvlKo1v3xVec8FMBjg9N6mR2Tj/n/X415w+lG67FWbrk71D/CADmKFinDgaQlAsw==",
      "engines": [
        "node >= 4.0.0"
      ]
    }
  },
  "dependencies": {
    "pokersolver": {
      "version": "2.1.4",
      "resolved": "https://registry.npmjs.org/pokersolver/-/pokersolver-2.1.4.tgz",
      "integrity": "sha512-vmgZS+K8H8r1RePQykFM5YyvlKo1v3xVec8FMBjg9N6mR2Tj/n/X415w+lG67FWbrk71D/CADmKFinDgaQlAsw=="
    }
  }
}
